github.com/ebitengine/purego v0.8.2 h1:jPPGWs2sZ1UgOSgD2bClL0MJIqu58nOmIcBuXr62z1I=
github.com/ebitengine/purego v0.8.2/go.mod h1:iIjxzd6CiRiOG0UyXP+V1+jWqUXVjPKLAI0mRfJZTmQ=
github.com/jupiterrider/purego-sdl3 v0.0.0-20250307203550-04ecdca596ec h1:aayeeEidywcQWFyBw3lmvCYZGccQVa0+GVnjvJSfb+M=
github.com/jupiterrider/purego-sdl3 v0.0.0-20250307203550-04ecdca596ec/go.mod h1:bUv1BcdO0uvGAb0mT5PDSInh67TlbzXBBL4/vVwcEEs=
